
Microsoft Visual Studio Solution File, Format Version 12.00
# Visual Studio Version 17
VisualStudioVersion = 17.2.32616.157
MinimumVisualStudioVersion = 10.0.40219.1
Project("{9A19103F-16F7-4668-BE54-9A1E7A4F7556}") = "API", "ComponyTest\API.csproj", "{5DBD92B5-71EE-4E53-87E3-DE90E9291B5D}"
EndProject
Project("{9A19103F-16F7-4668-BE54-9A1E7A4F7556}") = "BLL", "BLL\BLL.csproj", "{EF78D99C-8543-4FE9-9C22-9D10E5E865BA}"
EndProject
Project("{9A19103F-16F7-4668-BE54-9A1E7A4F7556}") = "DAL", "DAL\DAL.csproj", "{2DE683F6-5F3E-4214-8DE6-21AC18C30688}"
EndProject
Global
	GlobalSection(SolutionConfigurationPlatforms) = preSolution
		Debug|Any CPU = Debug|Any CPU
		Release|Any CPU = Release|Any CPU
	EndGlobalSection
	GlobalSection(ProjectConfigurationPlatforms) = postSolution
		{5DBD92B5-71EE-4E53-87E3-DE90E9291B5D}.Debug|Any CPU.ActiveCfg = Debug|Any CPU
		{5DBD92B5-71EE-4E53-87E3-DE90E9291B5D}.Debug|Any CPU.Build.0 = Debug|Any CPU
		{5DBD92B5-71EE-4E53-87E3-DE90E9291B5D}.Release|Any CPU.ActiveCfg = Release|Any CPU
		{5DBD92B5-71EE-4E53-87E3-DE90E9291B5D}.Release|Any CPU.Build.0 = Release|Any CPU
		{EF78D99C-8543-4FE9-9C22-9D10E5E865BA}.Debug|Any CPU.ActiveCfg = Debug|Any CPU
		{EF78D99C-8543-4FE9-9C22-9D10E5E865BA}.Debug|Any CPU.Build.0 = Debug|Any CPU
		{EF78D99C-8543-4FE9-9C22-9D10E5E865BA}.Release|Any CPU.ActiveCfg = Release|Any CPU
		{EF78D99C-8543-4FE9-9C22-9D10E5E865BA}.Release|Any CPU.Build.0 = Release|Any CPU
		{2DE683F6-5F3E-4214-8DE6-21AC18C30688}.Debug|Any CPU.ActiveCfg = Debug|Any CPU
		{2DE683F6-5F3E-4214-8DE6-21AC18C30688}.Debug|Any CPU.Build.0 = Debug|Any CPU
		{2DE683F6-5F3E-4214-8DE6-21AC18C30688}.Release|Any CPU.ActiveCfg = Release|Any CPU
		{2DE683F6-5F3E-4214-8DE6-21AC18C30688}.Release|Any CPU.Build.0 = Release|Any CPU
	EndGlobalSection
	GlobalSection(SolutionProperties) = preSolution
		HideSolutionNode = FALSE
	EndGlobalSection
	GlobalSection(ExtensibilityGlobals) = postSolution
		SolutionGuid = {32AA0698-0A09-43E7-89CB-F9BB9F10A7C7}
	EndGlobalSection
EndGlobal
